Microsoft Visual Studio Solution File, Format Version 11.00
# Visual Studio 2008

Project("{A473E4B0-61A0-C394-5A0B-C8EA0D5763E0}") = "SpecialV5", "Assembly-CSharp.csproj", "{EB6051A6-4B9B-FECC-3B8C-53707E745976}"
EndProject
Global
	GlobalSection(SolutionConfigurationPlatforms) = preSolution
		Debug|Any CPU = Debug|Any CPU
		Release|Any CPU = Release|Any CPU
	EndGlobalSection
	GlobalSection(ProjectConfigurationPlatforms) = postSolution
		{EB6051A6-4B9B-FECC-3B8C-53707E745976}.Debug|Any CPU.ActiveCfg = Debug|Any CPU
		{EB6051A6-4B9B-FECC-3B8C-53707E745976}.Debug|Any CPU.Build.0 = Debug|Any CPU
		{EB6051A6-4B9B-FECC-3B8C-53707E745976}.Release|Any CPU.ActiveCfg = Release|Any CPU
		{EB6051A6-4B9B-FECC-3B8C-53707E745976}.Release|Any CPU.Build.0 = Release|Any CPU
	EndGlobalSection
	GlobalSection(SolutionProperties) = preSolution
		HideSolutionNode = FALSE
	EndGlobalSection
	GlobalSection(MonoDevelopProperties) = preSolution
		StartupItem = Assembly-CSharp.csproj
	EndGlobalSection
EndGlobal
