Microsoft Visual Studio Solution File, Format Version 11.00
# Visual Studio 2008

Project("{76B6AF47-51CC-A96D-14C0-73A02325F379}") = "SpecialV4", "Assembly-CSharp.csproj", "{1CA17DA9-BB1C-8D52-AF74-F80DDF924C66}"
EndProject
Global
	GlobalSection(SolutionConfigurationPlatforms) = preSolution
		Debug|Any CPU = Debug|Any CPU
		Release|Any CPU = Release|Any CPU
	EndGlobalSection
	GlobalSection(ProjectConfigurationPlatforms) = postSolution
		{1CA17DA9-BB1C-8D52-AF74-F80DDF924C66}.Debug|Any CPU.ActiveCfg = Debug|Any CPU
		{1CA17DA9-BB1C-8D52-AF74-F80DDF924C66}.Debug|Any CPU.Build.0 = Debug|Any CPU
		{1CA17DA9-BB1C-8D52-AF74-F80DDF924C66}.Release|Any CPU.ActiveCfg = Release|Any CPU
		{1CA17DA9-BB1C-8D52-AF74-F80DDF924C66}.Release|Any CPU.Build.0 = Release|Any CPU
	EndGlobalSection
	GlobalSection(SolutionProperties) = preSolution
		HideSolutionNode = FALSE
	EndGlobalSection
	GlobalSection(MonoDevelopProperties) = preSolution
		StartupItem = Assembly-CSharp.csproj
	EndGlobalSection
EndGlobal
