Microsoft Visual Studio Solution File, Format Version 11.00
# Visual Studio 2008

Project("{0A511BBE-78FC-C9FC-6952-E91DB7328444}") = "SpecialV2-tutorial-level", "Assembly-CSharp.csproj", "{45C60B0E-29B2-37BA-45E7-394279C0F1BC}"
EndProject
Global
	GlobalSection(SolutionConfigurationPlatforms) = preSolution
		Debug|Any CPU = Debug|Any CPU
		Release|Any CPU = Release|Any CPU
	EndGlobalSection
	GlobalSection(ProjectConfigurationPlatforms) = postSolution
		{45C60B0E-29B2-37BA-45E7-394279C0F1BC}.Debug|Any CPU.ActiveCfg = Debug|Any CPU
		{45C60B0E-29B2-37BA-45E7-394279C0F1BC}.Debug|Any CPU.Build.0 = Debug|Any CPU
		{45C60B0E-29B2-37BA-45E7-394279C0F1BC}.Release|Any CPU.ActiveCfg = Release|Any CPU
		{45C60B0E-29B2-37BA-45E7-394279C0F1BC}.Release|Any CPU.Build.0 = Release|Any CPU
	EndGlobalSection
	GlobalSection(SolutionProperties) = preSolution
		HideSolutionNode = FALSE
	EndGlobalSection
	GlobalSection(MonoDevelopProperties) = preSolution
		StartupItem = Assembly-CSharp.csproj
	EndGlobalSection
EndGlobal
