
Microsoft Visual Studio Solution File, Format Version 12.00
# Visual Studio 2015
Project("{FAE04EC0-301F-11D3-BF4B-00C04F79EFBC}") = "SpecialV2.CSharp", "SpecialV2.CSharp.csproj", "{DE375577-9386-ED23-2CF7-D4A4759DBE93}"
EndProject
Global
	GlobalSection(SolutionConfigurationPlatforms) = preSolution
		Debug|Any CPU = Debug|Any CPU
		Release|Any CPU = Release|Any CPU
	EndGlobalSection
	GlobalSection(ProjectConfigurationPlatforms) = postSolution
		{DE375577-9386-ED23-2CF7-D4A4759DBE93}.Debug|Any CPU.ActiveCfg = Debug|Any CPU
		{DE375577-9386-ED23-2CF7-D4A4759DBE93}.Debug|Any CPU.Build.0 = Debug|Any CPU
		{DE375577-9386-ED23-2CF7-D4A4759DBE93}.Release|Any CPU.ActiveCfg = Release|Any CPU
		{DE375577-9386-ED23-2CF7-D4A4759DBE93}.Release|Any CPU.Build.0 = Release|Any CPU
	EndGlobalSection
	GlobalSection(SolutionProperties) = preSolution
		HideSolutionNode = FALSE
	EndGlobalSection
EndGlobal
