Microsoft Visual Studio Solution File, Format Version 11.00
# Visual Studio 2008

Project("{E8D1C9E4-9494-412C-E627-E5100407D3C3}") = "SpecialV2", "Assembly-CSharp.csproj", "{5AF273DC-FC8A-C141-7798-361C323A88ED}"
EndProject
Global
	GlobalSection(SolutionConfigurationPlatforms) = preSolution
		Debug|Any CPU = Debug|Any CPU
		Release|Any CPU = Release|Any CPU
	EndGlobalSection
	GlobalSection(ProjectConfigurationPlatforms) = postSolution
		{5AF273DC-FC8A-C141-7798-361C323A88ED}.Debug|Any CPU.ActiveCfg = Debug|Any CPU
		{5AF273DC-FC8A-C141-7798-361C323A88ED}.Debug|Any CPU.Build.0 = Debug|Any CPU
		{5AF273DC-FC8A-C141-7798-361C323A88ED}.Release|Any CPU.ActiveCfg = Release|Any CPU
		{5AF273DC-FC8A-C141-7798-361C323A88ED}.Release|Any CPU.Build.0 = Release|Any CPU
	EndGlobalSection
	GlobalSection(SolutionProperties) = preSolution
		HideSolutionNode = FALSE
	EndGlobalSection
	GlobalSection(MonoDevelopProperties) = preSolution
		StartupItem = Assembly-CSharp.csproj
	EndGlobalSection
EndGlobal
