Microsoft Visual Studio Solution File, Format Version 11.00
# Visual Studio 2008

Project("{8D62A05C-7698-7E9C-477D-5A84AA965FAC}") = "SpecialV3", "Assembly-CSharp.csproj", "{268930E3-52AD-C690-223C-BBD2E59FAB30}"
EndProject
Global
	GlobalSection(SolutionConfigurationPlatforms) = preSolution
		Debug|Any CPU = Debug|Any CPU
		Release|Any CPU = Release|Any CPU
	EndGlobalSection
	GlobalSection(ProjectConfigurationPlatforms) = postSolution
		{268930E3-52AD-C690-223C-BBD2E59FAB30}.Debug|Any CPU.ActiveCfg = Debug|Any CPU
		{268930E3-52AD-C690-223C-BBD2E59FAB30}.Debug|Any CPU.Build.0 = Debug|Any CPU
		{268930E3-52AD-C690-223C-BBD2E59FAB30}.Release|Any CPU.ActiveCfg = Release|Any CPU
		{268930E3-52AD-C690-223C-BBD2E59FAB30}.Release|Any CPU.Build.0 = Release|Any CPU
	EndGlobalSection
	GlobalSection(SolutionProperties) = preSolution
		HideSolutionNode = FALSE
	EndGlobalSection
	GlobalSection(MonoDevelopProperties) = preSolution
		StartupItem = Assembly-CSharp.csproj
	EndGlobalSection
EndGlobal
