
Microsoft Visual Studio Solution File, Format Version 12.00
# Visual Studio 2015
Project("{FAE04EC0-301F-11D3-BF4B-00C04F79EFBC}") = "Special.CSharp", "Special.CSharp.csproj", "{495A12D6-4B4D-EE5A-3EB0-00F4C8602EDE}"
EndProject
Global
	GlobalSection(SolutionConfigurationPlatforms) = preSolution
		Debug|Any CPU = Debug|Any CPU
		Release|Any CPU = Release|Any CPU
	EndGlobalSection
	GlobalSection(ProjectConfigurationPlatforms) = postSolution
		{495A12D6-4B4D-EE5A-3EB0-00F4C8602EDE}.Debug|Any CPU.ActiveCfg = Debug|Any CPU
		{495A12D6-4B4D-EE5A-3EB0-00F4C8602EDE}.Debug|Any CPU.Build.0 = Debug|Any CPU
		{495A12D6-4B4D-EE5A-3EB0-00F4C8602EDE}.Release|Any CPU.ActiveCfg = Release|Any CPU
		{495A12D6-4B4D-EE5A-3EB0-00F4C8602EDE}.Release|Any CPU.Build.0 = Release|Any CPU
	EndGlobalSection
	GlobalSection(SolutionProperties) = preSolution
		HideSolutionNode = FALSE
	EndGlobalSection
EndGlobal
