
Microsoft Visual Studio Solution File, Format Version 12.00
# Visual Studio 2015
Project("{FAE04EC0-301F-11D3-BF4B-00C04F79EFBC}") = "open-locked-door.CSharp", "open-locked-door.CSharp.csproj", "{B9D0D2D3-1BAF-85A5-6FF9-6E20571D4F31}"
EndProject
Global
	GlobalSection(SolutionConfigurationPlatforms) = preSolution
		Debug|Any CPU = Debug|Any CPU
		Release|Any CPU = Release|Any CPU
	EndGlobalSection
	GlobalSection(ProjectConfigurationPlatforms) = postSolution
		{B9D0D2D3-1BAF-85A5-6FF9-6E20571D4F31}.Debug|Any CPU.ActiveCfg = Debug|Any CPU
		{B9D0D2D3-1BAF-85A5-6FF9-6E20571D4F31}.Debug|Any CPU.Build.0 = Debug|Any CPU
		{B9D0D2D3-1BAF-85A5-6FF9-6E20571D4F31}.Release|Any CPU.ActiveCfg = Release|Any CPU
		{B9D0D2D3-1BAF-85A5-6FF9-6E20571D4F31}.Release|Any CPU.Build.0 = Release|Any CPU
	EndGlobalSection
	GlobalSection(SolutionProperties) = preSolution
		HideSolutionNode = FALSE
	EndGlobalSection
EndGlobal
